
Microsoft Visual Studio Solution File, Format Version 12.00
# Visual Studio Version 17
VisualStudioVersion = 17.13.35818.85 d17.13
MinimumVisualStudioVersion = 10.0.40219.1
Project("{FAE04EC0-301F-11D3-BF4B-00C04F79EFBC}") = "modul8_103022330111", "modul8_103022330111.csproj", "{570E9208-33BA-47E7-8348-A40934A25DFD}"
EndProject
Global
	GlobalSection(SolutionConfigurationPlatforms) = preSolution
		Debug|Any CPU = Debug|Any CPU
		Release|Any CPU = Release|Any CPU
	EndGlobalSection
	GlobalSection(ProjectConfigurationPlatforms) = postSolution
		{570E9208-33BA-47E7-8348-A40934A25DFD}.Debug|Any CPU.ActiveCfg = Debug|Any CPU
		{570E9208-33BA-47E7-8348-A40934A25DFD}.Debug|Any CPU.Build.0 = Debug|Any CPU
		{570E9208-33BA-47E7-8348-A40934A25DFD}.Release|Any CPU.ActiveCfg = Release|Any CPU
		{570E9208-33BA-47E7-8348-A40934A25DFD}.Release|Any CPU.Build.0 = Release|Any CPU
	EndGlobalSection
	GlobalSection(SolutionProperties) = preSolution
		HideSolutionNode = FALSE
	EndGlobalSection
	GlobalSection(ExtensibilityGlobals) = postSolution
		SolutionGuid = {E55B8553-5A56-4228-882D-0BD5CCB4CC9C}
	EndGlobalSection
EndGlobal
